# This file is automatically @generated by Cargo.
# It is not intended for manual editing.
version = 4

[[package]]
name = "speedcss"
version = "0.1.0"
dependencies = [
 "speedhtml",
]

[[package]]
name = "speedhtml"
version = "0.1.0"

[[package]]
name = "speedlayout"
version = "0.1.0"
dependencies = [
 "speedcss",
 "speedhtml",
]
